
Microsoft Visual Studio Solution File, Format Version 12.00
# Visual Studio Version 16
VisualStudioVersion = 16.0.29020.237
MinimumVisualStudioVersion = 10.0.40219.1
Project("{2150E333-8FDC-42A3-9474-1A3956D46DE8}") = "src", "src", "{C26AA558-B65E-4018-B5B5-08A56E9F16F5}"
EndProject
Project("{2150E333-8FDC-42A3-9474-1A3956D46DE8}") = "Services", "Services", "{F28D2F85-8310-494E-8213-0A5C69B6675C}"
EndProject
Project("{2150E333-8FDC-42A3-9474-1A3956D46DE8}") = "Web", "Web", "{3CBC39CA-0711-4B5B-9C22-311EA4F9AB9F}"
EndProject
Project("{9A19103F-16F7-4668-BE54-9A1E7A4F7556}") = "ProductCatalogApi", "src\Services\ProductCatalogApi\ProductCatalogApi.csproj", "{8211AD4C-1C4A-401F-B576-C552F35678D3}"
EndProject
Project("{9A19103F-16F7-4668-BE54-9A1E7A4F7556}") = "Client", "src\Web\Client\Client.csproj", "{020145CF-0588-4CB2-B445-374B3BBD8714}"
EndProject
Project("{2150E333-8FDC-42A3-9474-1A3956D46DE8}") = "Solution Items", "Solution Items", "{2A55A1C3-C967-4B44-A77A-F48B56E29B97}"
	ProjectSection(SolutionItems) = preProject
		docker-compose-dev.yml = docker-compose-dev.yml
		docker-compose.CartApi.redis.yml = docker-compose.CartApi.redis.yml
		docker-compose.CartApi.yml = docker-compose.CartApi.yml
		docker-compose.yml = docker-compose.yml
	EndProjectSection
EndProject
Project("{9A19103F-16F7-4668-BE54-9A1E7A4F7556}") = "TokenServiceApi", "src\Services\TokenServiceApi\TokenServiceApi.csproj", "{6879E90D-29F0-46E3-8D72-6D5F51D01EA1}"
EndProject
Project("{9A19103F-16F7-4668-BE54-9A1E7A4F7556}") = "CartApi", "src\Services\CartApi\CartApi.csproj", "{7C5368CA-E236-4AF2-A9DC-B834FFDF4556}"
EndProject
Project("{FAE04EC0-301F-11D3-BF4B-00C04F79EFBC}") = "OrderApi", "src\Services\OrderApi\OrderApi.csproj", "{BA733FD5-CCCC-4242-9DE9-D6D0FAC3929E}"
EndProject
Global
	GlobalSection(SolutionConfigurationPlatforms) = preSolution
		Debug|Any CPU = Debug|Any CPU
		Release|Any CPU = Release|Any CPU
	EndGlobalSection
	GlobalSection(ProjectConfigurationPlatforms) = postSolution
		{8211AD4C-1C4A-401F-B576-C552F35678D3}.Debug|Any CPU.ActiveCfg = Debug|Any CPU
		{8211AD4C-1C4A-401F-B576-C552F35678D3}.Debug|Any CPU.Build.0 = Debug|Any CPU
		{8211AD4C-1C4A-401F-B576-C552F35678D3}.Release|Any CPU.ActiveCfg = Release|Any CPU
		{8211AD4C-1C4A-401F-B576-C552F35678D3}.Release|Any CPU.Build.0 = Release|Any CPU
		{020145CF-0588-4CB2-B445-374B3BBD8714}.Debug|Any CPU.ActiveCfg = Debug|Any CPU
		{020145CF-0588-4CB2-B445-374B3BBD8714}.Debug|Any CPU.Build.0 = Debug|Any CPU
		{020145CF-0588-4CB2-B445-374B3BBD8714}.Release|Any CPU.ActiveCfg = Release|Any CPU
		{020145CF-0588-4CB2-B445-374B3BBD8714}.Release|Any CPU.Build.0 = Release|Any CPU
		{6879E90D-29F0-46E3-8D72-6D5F51D01EA1}.Debug|Any CPU.ActiveCfg = Debug|Any CPU
		{6879E90D-29F0-46E3-8D72-6D5F51D01EA1}.Debug|Any CPU.Build.0 = Debug|Any CPU
		{6879E90D-29F0-46E3-8D72-6D5F51D01EA1}.Release|Any CPU.ActiveCfg = Release|Any CPU
		{6879E90D-29F0-46E3-8D72-6D5F51D01EA1}.Release|Any CPU.Build.0 = Release|Any CPU
		{7C5368CA-E236-4AF2-A9DC-B834FFDF4556}.Debug|Any CPU.ActiveCfg = Debug|Any CPU
		{7C5368CA-E236-4AF2-A9DC-B834FFDF4556}.Debug|Any CPU.Build.0 = Debug|Any CPU
		{7C5368CA-E236-4AF2-A9DC-B834FFDF4556}.Release|Any CPU.ActiveCfg = Release|Any CPU
		{7C5368CA-E236-4AF2-A9DC-B834FFDF4556}.Release|Any CPU.Build.0 = Release|Any CPU
		{BA733FD5-CCCC-4242-9DE9-D6D0FAC3929E}.Debug|Any CPU.ActiveCfg = Debug|Any CPU
		{BA733FD5-CCCC-4242-9DE9-D6D0FAC3929E}.Debug|Any CPU.Build.0 = Debug|Any CPU
		{BA733FD5-CCCC-4242-9DE9-D6D0FAC3929E}.Release|Any CPU.ActiveCfg = Release|Any CPU
		{BA733FD5-CCCC-4242-9DE9-D6D0FAC3929E}.Release|Any CPU.Build.0 = Release|Any CPU
	EndGlobalSection
	GlobalSection(SolutionProperties) = preSolution
		HideSolutionNode = FALSE
	EndGlobalSection
	GlobalSection(NestedProjects) = preSolution
		{F28D2F85-8310-494E-8213-0A5C69B6675C} = {C26AA558-B65E-4018-B5B5-08A56E9F16F5}
		{3CBC39CA-0711-4B5B-9C22-311EA4F9AB9F} = {C26AA558-B65E-4018-B5B5-08A56E9F16F5}
		{8211AD4C-1C4A-401F-B576-C552F35678D3} = {F28D2F85-8310-494E-8213-0A5C69B6675C}
		{020145CF-0588-4CB2-B445-374B3BBD8714} = {3CBC39CA-0711-4B5B-9C22-311EA4F9AB9F}
		{6879E90D-29F0-46E3-8D72-6D5F51D01EA1} = {F28D2F85-8310-494E-8213-0A5C69B6675C}
		{7C5368CA-E236-4AF2-A9DC-B834FFDF4556} = {F28D2F85-8310-494E-8213-0A5C69B6675C}
		{BA733FD5-CCCC-4242-9DE9-D6D0FAC3929E} = {F28D2F85-8310-494E-8213-0A5C69B6675C}
	EndGlobalSection
	GlobalSection(ExtensibilityGlobals) = postSolution
		SolutionGuid = {EE526EC8-8A58-497F-89F6-1CAB68266D33}
	EndGlobalSection
EndGlobal
